
Microsoft Visual Studio Solution File, Format Version 12.00
# Visual Studio Version 17
VisualStudioVersion = 17.9.34616.47
MinimumVisualStudioVersion = 10.0.40219.1
Project("{FAE04EC0-301F-11D3-BF4B-00C04F79EFBC}") = "PlayerSettings", "PlayerSettings\PlayerSettings.csproj", "{A3C30B17-9E3D-4CA3-81E0-91B1EBFEEB6C}"
EndProject
Project("{FAE04EC0-301F-11D3-BF4B-00C04F79EFBC}") = "PlayerSettingsApi", "PlayerSettingsApi\PlayerSettingsApi.csproj", "{CEFCA2C1-6552-4C3C-A348-3E3D004D5D44}"
EndProject
Global
	GlobalSection(SolutionConfigurationPlatforms) = preSolution
		Debug|Any CPU = Debug|Any CPU
		Release|Any CPU = Release|Any CPU
	EndGlobalSection
	GlobalSection(ProjectConfigurationPlatforms) = postSolution
		{A3C30B17-9E3D-4CA3-81E0-91B1EBFEEB6C}.Debug|Any CPU.ActiveCfg = Debug|Any CPU
		{A3C30B17-9E3D-4CA3-81E0-91B1EBFEEB6C}.Debug|Any CPU.Build.0 = Debug|Any CPU
		{A3C30B17-9E3D-4CA3-81E0-91B1EBFEEB6C}.Release|Any CPU.ActiveCfg = Release|Any CPU
		{A3C30B17-9E3D-4CA3-81E0-91B1EBFEEB6C}.Release|Any CPU.Build.0 = Release|Any CPU
		{CEFCA2C1-6552-4C3C-A348-3E3D004D5D44}.Debug|Any CPU.ActiveCfg = Debug|Any CPU
		{CEFCA2C1-6552-4C3C-A348-3E3D004D5D44}.Debug|Any CPU.Build.0 = Debug|Any CPU
		{CEFCA2C1-6552-4C3C-A348-3E3D004D5D44}.Release|Any CPU.ActiveCfg = Release|Any CPU
		{CEFCA2C1-6552-4C3C-A348-3E3D004D5D44}.Release|Any CPU.Build.0 = Release|Any CPU
	EndGlobalSection
	GlobalSection(SolutionProperties) = preSolution
		HideSolutionNode = FALSE
	EndGlobalSection
	GlobalSection(ExtensibilityGlobals) = postSolution
		SolutionGuid = {7C957E67-975E-4328-B4BD-4DD82C04E59F}
	EndGlobalSection
EndGlobal
